{
  "name": "@rest-cli/init",
  "version": "1.0.4-alpha.0",
  "lockfileVersion": 2,
  "requires": true,
  "packages": {
    "": {
      "name": "@rest-cli/init",
      "version": "1.0.4-alpha.0",
      "license": "ISC",
      "dependencies": {
        "@rest-cli/command": "file:../../models/command"
      }
    },
    "../../models/command": {
      "version": "1.0.4-alpha.0",
      "license": "ISC"
    },
    "node_modules/@rest-cli/command": {
      "resolved": "../../models/command",
      "link": true
    }
  },
  "dependencies": {
    "@rest-cli/command": {
      "version": "file:../../models/command"
    }
  }
}
